
Microsoft Visual Studio Solution File, Format Version 12.00
# Visual Studio Version 16
VisualStudioVersion = 16.0.30225.117
MinimumVisualStudioVersion = 10.0.40219.1
Project("{FAE04EC0-301F-11D3-BF4B-00C04F79EFBC}") = "RCS_08.10_Tasks", "RCS_08.10_Tasks\RCS_08.10_Tasks.csproj", "{3149DCB5-7FD4-49EA-BF83-B5306B3EF81D}"
EndProject
Global
	GlobalSection(SolutionConfigurationPlatforms) = preSolution
		Debug|Any CPU = Debug|Any CPU
		Release|Any CPU = Release|Any CPU
	EndGlobalSection
	GlobalSection(ProjectConfigurationPlatforms) = postSolution
		{3149DCB5-7FD4-49EA-BF83-B5306B3EF81D}.Debug|Any CPU.ActiveCfg = Debug|Any CPU
		{3149DCB5-7FD4-49EA-BF83-B5306B3EF81D}.Debug|Any CPU.Build.0 = Debug|Any CPU
		{3149DCB5-7FD4-49EA-BF83-B5306B3EF81D}.Release|Any CPU.ActiveCfg = Release|Any CPU
		{3149DCB5-7FD4-49EA-BF83-B5306B3EF81D}.Release|Any CPU.Build.0 = Release|Any CPU
	EndGlobalSection
	GlobalSection(SolutionProperties) = preSolution
		HideSolutionNode = FALSE
	EndGlobalSection
	GlobalSection(ExtensibilityGlobals) = postSolution
		SolutionGuid = {0F3F5CF3-89D3-4CD6-841C-DFF6C6733C10}
	EndGlobalSection
EndGlobal
